# @generated - this file is auto-generated by `mise lock` https://mise.jdx.dev/dev-tools/mise-lock.html

[[tools.actionlint]]
version = "1.7.12"
backend = "aqua:rhysd/actionlint"

[tools.actionlint."platforms.linux-arm64"]
checksum = "sha256:325e971b6ba9bfa504672e29be93c24981eeb1c07576d730e9f7c8805afff0c6"
url = "https://github.com/rhysd/actionlint/releases/download/v1.7.12/actionlint_1.7.12_linux_arm64.tar.gz"
url_api = "https://api.github.com/repos/rhysd/actionlint/releases/assets/384924897"
provenance = "github-attestations"

[tools.actionlint."platforms.linux-arm64-musl"]
checksum = "sha256:325e971b6ba9bfa504672e29be93c24981eeb1c07576d730e9f7c8805afff0c6"
url = "https://github.com/rhysd/actionlint/releases/download/v1.7.12/actionlint_1.7.12_linux_arm64.tar.gz"
url_api = "https://api.github.com/repos/rhysd/actionlint/releases/assets/384924897"
provenance = "github-attestations"

[tools.actionlint."platforms.linux-x64"]
checksum = "sha256:8aca8db96f1b94770f1b0d72b6dddcb1ebb8123cb3712530b08cc387b349a3d8"
url = "https://github.com/rhysd/actionlint/releases/download/v1.7.12/actionlint_1.7.12_linux_amd64.tar.gz"
url_api = "https://api.github.com/repos/rhysd/actionlint/releases/assets/384924896"
provenance = "github-attestations"

[tools.actionlint."platforms.linux-x64-musl"]
checksum = "sha256:8aca8db96f1b94770f1b0d72b6dddcb1ebb8123cb3712530b08cc387b349a3d8"
url = "https://github.com/rhysd/actionlint/releases/download/v1.7.12/actionlint_1.7.12_linux_amd64.tar.gz"
url_api = "https://api.github.com/repos/rhysd/actionlint/releases/assets/384924896"
provenance = "github-attestations"

[tools.actionlint."platforms.macos-arm64"]
checksum = "sha256:aba9ced2dee8d27fecca3dc7feb1a7f9a52caefa1eb46f3271ea66b6e0e6953f"
url = "https://github.com/rhysd/actionlint/releases/download/v1.7.12/actionlint_1.7.12_darwin_arm64.tar.gz"
url_api = "https://api.github.com/repos/rhysd/actionlint/releases/assets/384924893"
provenance = "github-attestations"

[tools.actionlint."platforms.macos-x64"]
checksum = "sha256:5b44c3bc2255115c9b69e30efc0fecdf498fdb63c5d58e17084fd5f16324c644"
url = "https://github.com/rhysd/actionlint/releases/download/v1.7.12/actionlint_1.7.12_darwin_amd64.tar.gz"
url_api = "https://api.github.com/repos/rhysd/actionlint/releases/assets/384924880"
provenance = "github-attestations"

[tools.actionlint."platforms.windows-x64"]
checksum = "sha256:6e7241b51e6817ea6a047693d8e6fed13b31819c9a0dd6c5a726e1592d22f6e9"
url = "https://github.com/rhysd/actionlint/releases/download/v1.7.12/actionlint_1.7.12_windows_amd64.zip"
url_api = "https://api.github.com/repos/rhysd/actionlint/releases/assets/384924919"
provenance = "github-attestations"

[[tools.dprint]]
version = "0.55.1"
backend = "aqua:dprint/dprint"

[tools.dprint."platforms.linux-arm64"]
checksum = "sha256:2d414d659034650bc25b208a87ab427cd01a7ac6c21b3ed2191cf92e1b58f76c"
url = "https://github.com/dprint/dprint/releases/download/0.55.1/dprint-aarch64-unknown-linux-musl.zip"
url_api = "https://api.github.com/repos/dprint/dprint/releases/assets/460010446"

[tools.dprint."platforms.linux-arm64-musl"]
checksum = "sha256:2d414d659034650bc25b208a87ab427cd01a7ac6c21b3ed2191cf92e1b58f76c"
url = "https://github.com/dprint/dprint/releases/download/0.55.1/dprint-aarch64-unknown-linux-musl.zip"
url_api = "https://api.github.com/repos/dprint/dprint/releases/assets/460010446"

[tools.dprint."platforms.linux-x64"]
checksum = "sha256:7ce856d5999585e58666701eab5e0291abfb63953884d5dd0268001c89d74b8d"
url = "https://github.com/dprint/dprint/releases/download/0.55.1/dprint-x86_64-unknown-linux-musl.zip"
url_api = "https://api.github.com/repos/dprint/dprint/releases/assets/460010456"

[tools.dprint."platforms.linux-x64-musl"]
checksum = "sha256:7ce856d5999585e58666701eab5e0291abfb63953884d5dd0268001c89d74b8d"
url = "https://github.com/dprint/dprint/releases/download/0.55.1/dprint-x86_64-unknown-linux-musl.zip"
url_api = "https://api.github.com/repos/dprint/dprint/releases/assets/460010456"

[tools.dprint."platforms.macos-arm64"]
checksum = "sha256:94a9ce5ca91dbb609d4f22f2ccf28d8b422627c0944c6ee63d1beecac28f8cd4"
url = "https://github.com/dprint/dprint/releases/download/0.55.1/dprint-aarch64-apple-darwin.zip"
url_api = "https://api.github.com/repos/dprint/dprint/releases/assets/460010452"

[tools.dprint."platforms.macos-x64"]
checksum = "sha256:21f9784b3edf3b0a686932b4387359ebd83fba798ac2f7e2ba1e7b8c9f674e3e"
url = "https://github.com/dprint/dprint/releases/download/0.55.1/dprint-x86_64-apple-darwin.zip"
url_api = "https://api.github.com/repos/dprint/dprint/releases/assets/460010440"

[tools.dprint."platforms.windows-x64"]
checksum = "sha256:dfdee60f04810c14df310696ce680da7ece599cd27b162f77906adc80d5e9679"
url = "https://github.com/dprint/dprint/releases/download/0.55.1/dprint-x86_64-pc-windows-msvc.zip"
url_api = "https://api.github.com/repos/dprint/dprint/releases/assets/460010450"

[[tools.node]]
version = "26.5.0"
backend = "core:node"

[tools.node."platforms.linux-arm64"]
checksum = "sha256:308e5fe89a82461ba5a6cf15ff5221b2cdbd7ae87600aa72bb3c3fbdc66412d1"
url = "https://nodejs.org/dist/v26.5.0/node-v26.5.0-linux-arm64.tar.gz"

[tools.node."platforms.linux-arm64-musl"]
checksum = "sha256:1ab31aef6561191693f366cacd75bbcefa0301e49a18bc05554c21893bbdb490"
url = "https://unofficial-builds.nodejs.org/download/release/v26.5.0/node-v26.5.0-linux-arm64-musl.tar.gz"

[tools.node."platforms.linux-x64"]
checksum = "sha256:22b5f47ad6ae78837e4c2b846019965ce1a06ba143de176102294a1bf44fc677"
url = "https://nodejs.org/dist/v26.5.0/node-v26.5.0-linux-x64.tar.gz"

[tools.node."platforms.linux-x64-musl"]
checksum = "sha256:00f1398411a4216c5a6ecaad3b825a0da5ec00e79ee8c173ab65a094d97b9ad8"
url = "https://unofficial-builds.nodejs.org/download/release/v26.5.0/node-v26.5.0-linux-x64-musl.tar.gz"

[tools.node."platforms.macos-arm64"]
checksum = "sha256:ee920559aaa2391569cff4d737e3b83963430e3a14dedd91bfe0ff53171b5af9"
url = "https://nodejs.org/dist/v26.5.0/node-v26.5.0-darwin-arm64.tar.gz"

[tools.node."platforms.macos-x64"]
checksum = "sha256:98293394c945a24e64e00b4177bf075ec963ea70b34d1d2e24bd4a71716d334f"
url = "https://nodejs.org/dist/v26.5.0/node-v26.5.0-darwin-x64.tar.gz"

[tools.node."platforms.windows-x64"]
checksum = "sha256:d3b2277dbcccfdf24ef6302928f64f484cff1d77a6d3caa3a28f4d20ce9158f6"
url = "https://nodejs.org/dist/v26.5.0/node-v26.5.0-win-x64.zip"

[[tools.prek]]
version = "0.4.9"
backend = "aqua:j178/prek"

[tools.prek."platforms.linux-arm64"]
checksum = "sha256:adcd6d3b2c6d2314525c214ead1a3584de3ea3dfd608262d60711c3dde4d5e82"
url = "https://github.com/j178/prek/releases/download/v0.4.9/prek-aarch64-unknown-linux-musl.tar.gz"
url_api = "https://api.github.com/repos/j178/prek/releases/assets/473433142"
provenance = "github-attestations"

[tools.prek."platforms.linux-arm64-musl"]
checksum = "sha256:adcd6d3b2c6d2314525c214ead1a3584de3ea3dfd608262d60711c3dde4d5e82"
url = "https://github.com/j178/prek/releases/download/v0.4.9/prek-aarch64-unknown-linux-musl.tar.gz"
url_api = "https://api.github.com/repos/j178/prek/releases/assets/473433142"
provenance = "github-attestations"

[tools.prek."platforms.linux-x64"]
checksum = "sha256:22545eee5091ce233192bc97c6edb7f045081ec615e4649633d5ffad97937658"
url = "https://github.com/j178/prek/releases/download/v0.4.9/prek-x86_64-unknown-linux-musl.tar.gz"
url_api = "https://api.github.com/repos/j178/prek/releases/assets/473433205"
provenance = "github-attestations"

[tools.prek."platforms.linux-x64-musl"]
checksum = "sha256:22545eee5091ce233192bc97c6edb7f045081ec615e4649633d5ffad97937658"
url = "https://github.com/j178/prek/releases/download/v0.4.9/prek-x86_64-unknown-linux-musl.tar.gz"
url_api = "https://api.github.com/repos/j178/prek/releases/assets/473433205"
provenance = "github-attestations"

[tools.prek."platforms.macos-arm64"]
checksum = "sha256:d6d705468c95ac01a9768da952645385a8e3cb93ec9a105f9f0f7bd177ae3867"
url = "https://github.com/j178/prek/releases/download/v0.4.9/prek-aarch64-apple-darwin.tar.gz"
url_api = "https://api.github.com/repos/j178/prek/releases/assets/473433139"
provenance = "github-attestations"

[tools.prek."platforms.macos-x64"]
checksum = "sha256:86ce383f8d40ae874e432fe6db04c2253cf2bed2cd74e67c8e3bc4b16e158471"
url = "https://github.com/j178/prek/releases/download/v0.4.9/prek-x86_64-apple-darwin.tar.gz"
url_api = "https://api.github.com/repos/j178/prek/releases/assets/473433192"
provenance = "github-attestations"

[tools.prek."platforms.windows-x64"]
checksum = "sha256:e49a7c8fedb4f16038556e19c8bf7a68ffae46445ef693b28c1fa461f03df2c7"
url = "https://github.com/j178/prek/releases/download/v0.4.9/prek-x86_64-pc-windows-msvc.zip"
url_api = "https://api.github.com/repos/j178/prek/releases/assets/473433196"
provenance = "github-attestations"
